
Microsoft Visual Studio Solution File, Format Version 12.00
# Visual Studio Version 16
VisualStudioVersion = 16.0.30413.136
MinimumVisualStudioVersion = 10.0.40219.1
Project("{9A19103F-16F7-4668-BE54-9A1E7A4F7556}") = "Adam.Pawlak.Service1", "Adam.Pawlak.Service1\Adam.Pawlak.Service1.csproj", "{195FDA80-8628-4651-8A9B-E76365302C44}"
EndProject
Project("{9A19103F-16F7-4668-BE54-9A1E7A4F7556}") = "Adam.Pawlak.Service1.Tests", "Adam.Pawlak.Service1.Tests\Adam.Pawlak.Service1.Tests.csproj", "{0C552F69-7157-42DE-A052-FFB5026DCEF6}"
EndProject
Project("{9A19103F-16F7-4668-BE54-9A1E7A4F7556}") = "Adam.Pawlak.Service2", "Adam.Pawlak.Service2\Adam.Pawlak.Service2.csproj", "{B30A7E46-E046-4810-A581-3F5DDEE8BA7B}"
EndProject
Project("{9A19103F-16F7-4668-BE54-9A1E7A4F7556}") = "Adam.Pawlak.Service3", "Adam.Pawlak.Service3\Adam.Pawlak.Service3.csproj", "{2DABDE84-2CDA-4A21-BE33-A1948500B31D}"
EndProject
Project("{9A19103F-16F7-4668-BE54-9A1E7A4F7556}") = "Adam.Pawlak.Service2.Tests", "Adam.Pawlak.Service2.Tests\Adam.Pawlak.Service2.Tests.csproj", "{A4009AD4-5EB4-406E-BA27-8C28BA6DCCDE}"
EndProject
Project("{9A19103F-16F7-4668-BE54-9A1E7A4F7556}") = "Adam.Pawlak.Service3.Tests", "Adam.Pawlak.Service3.Tests\Adam.Pawlak.Service3.Tests.csproj", "{5308BADE-DAFD-43E6-84D5-864D04093D83}"
EndProject
Project("{E53339B2-1760-4266-BCC7-CA923CBCF16C}") = "docker-compose", "docker-compose.dcproj", "{2EEFE664-59B4-4D19-877C-8DCF9040D97B}"
EndProject
Global
	GlobalSection(SolutionConfigurationPlatforms) = preSolution
		Debug|Any CPU = Debug|Any CPU
		Release|Any CPU = Release|Any CPU
	EndGlobalSection
	GlobalSection(ProjectConfigurationPlatforms) = postSolution
		{195FDA80-8628-4651-8A9B-E76365302C44}.Debug|Any CPU.ActiveCfg = Debug|Any CPU
		{195FDA80-8628-4651-8A9B-E76365302C44}.Debug|Any CPU.Build.0 = Debug|Any CPU
		{195FDA80-8628-4651-8A9B-E76365302C44}.Release|Any CPU.ActiveCfg = Release|Any CPU
		{195FDA80-8628-4651-8A9B-E76365302C44}.Release|Any CPU.Build.0 = Release|Any CPU
		{0C552F69-7157-42DE-A052-FFB5026DCEF6}.Debug|Any CPU.ActiveCfg = Debug|Any CPU
		{0C552F69-7157-42DE-A052-FFB5026DCEF6}.Debug|Any CPU.Build.0 = Debug|Any CPU
		{0C552F69-7157-42DE-A052-FFB5026DCEF6}.Release|Any CPU.ActiveCfg = Release|Any CPU
		{0C552F69-7157-42DE-A052-FFB5026DCEF6}.Release|Any CPU.Build.0 = Release|Any CPU
		{B30A7E46-E046-4810-A581-3F5DDEE8BA7B}.Debug|Any CPU.ActiveCfg = Debug|Any CPU
		{B30A7E46-E046-4810-A581-3F5DDEE8BA7B}.Debug|Any CPU.Build.0 = Debug|Any CPU
		{B30A7E46-E046-4810-A581-3F5DDEE8BA7B}.Release|Any CPU.ActiveCfg = Release|Any CPU
		{B30A7E46-E046-4810-A581-3F5DDEE8BA7B}.Release|Any CPU.Build.0 = Release|Any CPU
		{2DABDE84-2CDA-4A21-BE33-A1948500B31D}.Debug|Any CPU.ActiveCfg = Debug|Any CPU
		{2DABDE84-2CDA-4A21-BE33-A1948500B31D}.Debug|Any CPU.Build.0 = Debug|Any CPU
		{2DABDE84-2CDA-4A21-BE33-A1948500B31D}.Release|Any CPU.ActiveCfg = Release|Any CPU
		{2DABDE84-2CDA-4A21-BE33-A1948500B31D}.Release|Any CPU.Build.0 = Release|Any CPU
		{A4009AD4-5EB4-406E-BA27-8C28BA6DCCDE}.Debug|Any CPU.ActiveCfg = Debug|Any CPU
		{A4009AD4-5EB4-406E-BA27-8C28BA6DCCDE}.Debug|Any CPU.Build.0 = Debug|Any CPU
		{A4009AD4-5EB4-406E-BA27-8C28BA6DCCDE}.Release|Any CPU.ActiveCfg = Release|Any CPU
		{A4009AD4-5EB4-406E-BA27-8C28BA6DCCDE}.Release|Any CPU.Build.0 = Release|Any CPU
		{5308BADE-DAFD-43E6-84D5-864D04093D83}.Debug|Any CPU.ActiveCfg = Debug|Any CPU
		{5308BADE-DAFD-43E6-84D5-864D04093D83}.Debug|Any CPU.Build.0 = Debug|Any CPU
		{5308BADE-DAFD-43E6-84D5-864D04093D83}.Release|Any CPU.ActiveCfg = Release|Any CPU
		{5308BADE-DAFD-43E6-84D5-864D04093D83}.Release|Any CPU.Build.0 = Release|Any CPU
		{2EEFE664-59B4-4D19-877C-8DCF9040D97B}.Debug|Any CPU.ActiveCfg = Debug|Any CPU
		{2EEFE664-59B4-4D19-877C-8DCF9040D97B}.Debug|Any CPU.Build.0 = Debug|Any CPU
		{2EEFE664-59B4-4D19-877C-8DCF9040D97B}.Release|Any CPU.ActiveCfg = Release|Any CPU
		{2EEFE664-59B4-4D19-877C-8DCF9040D97B}.Release|Any CPU.Build.0 = Release|Any CPU
	EndGlobalSection
	GlobalSection(SolutionProperties) = preSolution
		HideSolutionNode = FALSE
	EndGlobalSection
	GlobalSection(ExtensibilityGlobals) = postSolution
		SolutionGuid = {EB489BD5-3683-45C6-AD58-EAE291128058}
	EndGlobalSection
EndGlobal
